
Microsoft Visual Studio Solution File, Format Version 12.00
# Visual Studio Version 16
VisualStudioVersion = 16.0.30330.147
MinimumVisualStudioVersion = 10.0.40219.1
Project("{FAE04EC0-301F-11D3-BF4B-00C04F79EFBC}") = "CustomerApi", "CustomerApi\CustomerApi.csproj", "{F2BFB6F7-69C0-4AFA-8629-DBCA21AA56E6}"
EndProject
Project("{9A19103F-16F7-4668-BE54-9A1E7A4F7556}") = "BusinessLayer", "BusinessLayer\BusinessLayer.csproj", "{AFE8ACAC-1B16-4272-91BE-D89B84E05C69}"
EndProject
Project("{9A19103F-16F7-4668-BE54-9A1E7A4F7556}") = "DataLayer", "DataLayer\DataLayer.csproj", "{76BFF131-82FE-400C-A021-058D8E5C0FAD}"
EndProject
Global
	GlobalSection(SolutionConfigurationPlatforms) = preSolution
		Debug|Any CPU = Debug|Any CPU
		Release|Any CPU = Release|Any CPU
	EndGlobalSection
	GlobalSection(ProjectConfigurationPlatforms) = postSolution
		{F2BFB6F7-69C0-4AFA-8629-DBCA21AA56E6}.Debug|Any CPU.ActiveCfg = Debug|Any CPU
		{F2BFB6F7-69C0-4AFA-8629-DBCA21AA56E6}.Debug|Any CPU.Build.0 = Debug|Any CPU
		{F2BFB6F7-69C0-4AFA-8629-DBCA21AA56E6}.Release|Any CPU.ActiveCfg = Release|Any CPU
		{F2BFB6F7-69C0-4AFA-8629-DBCA21AA56E6}.Release|Any CPU.Build.0 = Release|Any CPU
		{AFE8ACAC-1B16-4272-91BE-D89B84E05C69}.Debug|Any CPU.ActiveCfg = Debug|Any CPU
		{AFE8ACAC-1B16-4272-91BE-D89B84E05C69}.Debug|Any CPU.Build.0 = Debug|Any CPU
		{AFE8ACAC-1B16-4272-91BE-D89B84E05C69}.Release|Any CPU.ActiveCfg = Release|Any CPU
		{AFE8ACAC-1B16-4272-91BE-D89B84E05C69}.Release|Any CPU.Build.0 = Release|Any CPU
		{76BFF131-82FE-400C-A021-058D8E5C0FAD}.Debug|Any CPU.ActiveCfg = Debug|Any CPU
		{76BFF131-82FE-400C-A021-058D8E5C0FAD}.Debug|Any CPU.Build.0 = Debug|Any CPU
		{76BFF131-82FE-400C-A021-058D8E5C0FAD}.Release|Any CPU.ActiveCfg = Release|Any CPU
		{76BFF131-82FE-400C-A021-058D8E5C0FAD}.Release|Any CPU.Build.0 = Release|Any CPU
	EndGlobalSection
	GlobalSection(SolutionProperties) = preSolution
		HideSolutionNode = FALSE
	EndGlobalSection
	GlobalSection(ExtensibilityGlobals) = postSolution
		SolutionGuid = {6BCF2524-8759-4E48-9F46-91D6CF06D602}
	EndGlobalSection
EndGlobal
